# THIS IS AN AUTOGENERATED FILE. DO NOT EDIT THIS FILE DIRECTLY.
# yarn lockfile v1


"@graphql-typed-document-node/core@^3.1.1":
  version "3.2.0"
  resolved "https://registry.yarnpkg.com/@graphql-typed-document-node/core/-/core-3.2.0.tgz#5f3d96ec6b2354ad6d8a28bf216a1d97b5426861"
  integrity sha512-mB9oAsNCm9aM3/SOv4YtBMqZbYj10R7dkq8byBqxGY/ncFwhf2oQzMV+LCRlWoDSEBJ3COiR1yeDvMtsoOsuFQ==

"@hookform/resolvers@^3.1.1":
  version "3.1.1"
  resolved "https://registry.yarnpkg.com/@hookform/resolvers/-/resolvers-3.1.1.tgz#b374d33e356428fff9c6ef3c933441fe15e40784"
  integrity sha512-tS16bAUkqjITNSvbJuO1x7MXbn7Oe8ZziDTJdA9mMvsoYthnOOiznOTGBYwbdlYBgU+tgpI/BtTU3paRbCuSlg==

"@nhost/graphql-js@0.1.4":
  version "0.1.4"
  resolved "https://registry.yarnpkg.com/@nhost/graphql-js/-/graphql-js-0.1.4.tgz#268d5cc5955144903fc0333ccb937768d9b79ba4"
  integrity sha512-IPHuGOf4iQrFsxG7Rh5jCCZzPCN9JkvldFww4Fz1lCVi9ZQNEaGaawIP5gBuBHeYIuALeaK1wVYKPc7vJ/euCA==
  dependencies:
    "@graphql-typed-document-node/core" "^3.1.1"
    isomorphic-unfetch "^3.1.0"

"@nhost/hasura-auth-js@2.1.8":
  version "2.1.8"
  resolved "https://registry.yarnpkg.com/@nhost/hasura-auth-js/-/hasura-auth-js-2.1.8.tgz#e064ede2713b097087f9a680c3d4c51946f29635"
  integrity sha512-iM6mE2E4oUDcXgtLzwXVd+1oOpuJnW7yS5Ld+rz5T7IRZybGKeuAjr3XFPujdj4t/9ASS6F2pi4uE/0iaLPlUg==
  dependencies:
    "@simplewebauthn/browser" "^6.0.0"
    fetch-ponyfill "^7.1.0"
    js-cookie "^3.0.1"
    jwt-decode "^3.1.2"
    xstate "^4.33.5"

"@nhost/hasura-storage-js@2.2.4":
  version "2.2.4"
  resolved "https://registry.yarnpkg.com/@nhost/hasura-storage-js/-/hasura-storage-js-2.2.4.tgz#142d9a1677943519dedc8e9151c86fa976531fc2"
  integrity sha512-nx/BvxkYQITDel/DM+gLFojkF07AAzQD/h4+1pjflT/Bd3pdDGLO2tVkPKQItVlRFZokfJZnHCt0Zi/umiIvow==
  dependencies:
    fetch-ponyfill "^7.1.0"
    form-data "^4.0.0"
    xstate "^4.33.5"

"@nhost/nextjs@^1.13.37":
  version "1.13.37"
  resolved "https://registry.yarnpkg.com/@nhost/nextjs/-/nextjs-1.13.37.tgz#19326a1af5841ea86cd7503301f6c8dbdd74c83e"
  integrity sha512-OArAs4ySqF6ej5fBIFMTkqMF4x16G5f8Ny0mtg62mTaRw4+F2ljG4mXGcDmStvLBCsXJVYofuYlBy3jF4yje2w==
  dependencies:
    "@nhost/react" "2.0.31"
    isomorphic-unfetch "^3.1.0"
    js-cookie "^3.0.1"
    xstate "^4.33.5"

"@nhost/nhost-js@2.2.16":
  version "2.2.16"
  resolved "https://registry.yarnpkg.com/@nhost/nhost-js/-/nhost-js-2.2.16.tgz#8f372099646aa08b800ad2e188debb1851198a53"
  integrity sha512-4XYF6Db9R5uZd6SQO+2Eg7gbAUC7SrgkHVeJoIZwPX4m6x6rDX847830h+9VmkQ5F/F1KunYSxWz7Hb4WBcLZA==
  dependencies:
    "@nhost/graphql-js" "0.1.4"
    "@nhost/hasura-auth-js" "2.1.8"
    "@nhost/hasura-storage-js" "2.2.4"
    isomorphic-unfetch "^3.1.0"

"@nhost/react@2.0.31":
  version "2.0.31"
  resolved "https://registry.yarnpkg.com/@nhost/react/-/react-2.0.31.tgz#51303331d66d89ca272ca9236ec204c95b063da7"
  integrity sha512-3Oj4lcgAddMPo5MEFhNZYYZr/usC3nd+f/Kq8bMVJr3UZStUnfjkw6DySnmk2TMX2R2G0KLx1AjG6bJpN3E5zg==
  dependencies:
    "@nhost/nhost-js" "2.2.16"
    "@xstate/react" "^3.0.1"
    jwt-decode "^3.1.2"
    xstate "^4.33.5"

"@simplewebauthn/browser@^6.0.0":
  version "6.2.2"
  resolved "https://registry.yarnpkg.com/@simplewebauthn/browser/-/browser-6.2.2.tgz#3cd773a9887734331251d1b8dec043547a7bbd57"
  integrity sha512-VUtne7+s6BmW4usnbitjZEI1VNT/PNh6bYg+AI4OMdfpo5z+yAq+6iVAWBJlIUGVk5InetEQvTUp6OefBam8qg==

"@xstate/react@^3.0.1":
  version "3.2.2"
  resolved "https://registry.yarnpkg.com/@xstate/react/-/react-3.2.2.tgz#ddf0f9d75e2c19375b1e1b7335e72cb99762aed8"
  integrity sha512-feghXWLedyq8JeL13yda3XnHPZKwYDN5HPBLykpLeuNpr9178tQd2/3d0NrH6gSd0sG5mLuLeuD+ck830fgzLQ==
  dependencies:
    use-isomorphic-layout-effect "^1.1.2"
    use-sync-external-store "^1.0.0"

asynckit@^0.4.0:
  version "0.4.0"
  resolved "https://registry.yarnpkg.com/asynckit/-/asynckit-0.4.0.tgz#c79ed97f7f34cb8f2ba1bc9790bcc366474b4b79"
  integrity sha512-Oei9OH4tRh0YqU3GxhX79dM/mwVgvbZJaSNaRk+bshkj0S5cfHcgYakreBjrHwatXKbz+IoIdYLxrKim2MjW0Q==

combined-stream@^1.0.8:
  version "1.0.8"
  resolved "https://registry.yarnpkg.com/combined-stream/-/combined-stream-1.0.8.tgz#c3d45a8b34fd730631a110a8a2520682b31d5a7f"
  integrity sha512-FQN4MRfuJeHf7cBbBMJFXhKSDq+2kAArBlmRBvcvFE5BB1HZKXtSFASDhdlz9zOYwxh8lDdnvmMOe/+5cdoEdg==
  dependencies:
    delayed-stream "~1.0.0"

delayed-stream@~1.0.0:
  version "1.0.0"
  resolved "https://registry.yarnpkg.com/delayed-stream/-/delayed-stream-1.0.0.tgz#df3ae199acadfb7d440aaae0b29e2272b24ec619"
  integrity sha512-ZySD7Nf91aLB0RxL4KGrKHBXl7Eds1DAmEdcoVawXnLD7SDhpNgtuII2aAkg7a7QS41jxPSZ17p4VdGnMHk3MQ==

fetch-ponyfill@^7.1.0:
  version "7.1.0"
  resolved "https://registry.yarnpkg.com/fetch-ponyfill/-/fetch-ponyfill-7.1.0.tgz#4266ed48b4e64663a50ab7f7fcb8e76f990526d0"
  integrity sha512-FhbbL55dj/qdVO3YNK7ZEkshvj3eQ7EuIGV2I6ic/2YiocvyWv+7jg2s4AyS0wdRU75s3tA8ZxI/xPigb0v5Aw==
  dependencies:
    node-fetch "~2.6.1"

form-data@^4.0.0:
  version "4.0.0"
  resolved "https://registry.yarnpkg.com/form-data/-/form-data-4.0.0.tgz#93919daeaf361ee529584b9b31664dc12c9fa452"
  integrity sha512-ETEklSGi5t0QMZuiXoA/Q6vcnxcLQP5vdugSpuAyi6SVGi2clPPp+xgEhuMaHC+zGgn31Kd235W35f7Hykkaww==
  dependencies:
    asynckit "^0.4.0"
    combined-stream "^1.0.8"
    mime-types "^2.1.12"

graphql@^16.8.1:
  version "16.8.1"
  resolved "https://registry.yarnpkg.com/graphql/-/graphql-16.8.1.tgz#1930a965bef1170603702acdb68aedd3f3cf6f07"
  integrity sha512-59LZHPdGZVh695Ud9lRzPBVTtlX9ZCV150Er2W43ro37wVof0ctenSaskPPjN7lVTIN8mSZt8PHUNKZuNQUuxw==

isomorphic-unfetch@^3.1.0:
  version "3.1.0"
  resolved "https://registry.yarnpkg.com/isomorphic-unfetch/-/isomorphic-unfetch-3.1.0.tgz#87341d5f4f7b63843d468438128cb087b7c3e98f"
  integrity sha512-geDJjpoZ8N0kWexiwkX8F9NkTsXhetLPVbZFQ+JTW239QNOwvB0gniuR1Wc6f0AMTn7/mFGyXvHTifrCp/GH8Q==
  dependencies:
    node-fetch "^2.6.1"
    unfetch "^4.2.0"

js-cookie@^3.0.1:
  version "3.0.5"
  resolved "https://registry.yarnpkg.com/js-cookie/-/js-cookie-3.0.5.tgz#0b7e2fd0c01552c58ba86e0841f94dc2557dcdbc"
  integrity sha512-cEiJEAEoIbWfCZYKWhVwFuvPX1gETRYPw6LlaTKoxD3s2AkXzkCjnp6h0V77ozyqj0jakteJ4YqDJT830+lVGw==

jwt-decode@^3.1.2:
  version "3.1.2"
  resolved "https://registry.yarnpkg.com/jwt-decode/-/jwt-decode-3.1.2.tgz#3fb319f3675a2df0c2895c8f5e9fa4b67b04ed59"
  integrity sha512-UfpWE/VZn0iP50d8cz9NrZLM9lSWhcJ+0Gt/nm4by88UL+J1SiKN8/5dkjMmbEzwL2CAe+67GsegCbIKtbp75A==

mime-db@1.52.0:
  version "1.52.0"
  resolved "https://registry.yarnpkg.com/mime-db/-/mime-db-1.52.0.tgz#bbabcdc02859f4987301c856e3387ce5ec43bf70"
  integrity sha512-sPU4uV7dYlvtWJxwwxHD0PuihVNiE7TyAbQ5SWxDCB9mUYvOgroQOwYQQOKPJ8CIbE+1ETVlOoK1UC2nU3gYvg==

mime-types@^2.1.12:
  version "2.1.35"
  resolved "https://registry.yarnpkg.com/mime-types/-/mime-types-2.1.35.tgz#381a871b62a734450660ae3deee44813f70d959a"
  integrity sha512-ZDY+bPm5zTTF+YpCrAU9nK0UgICYPT0QtT1NZWFv4s++TNkcgVaT0g6+4R2uI4MjQjzysHB1zxuWL50hzaeXiw==
  dependencies:
    mime-db "1.52.0"

node-fetch@^2.6.1:
  version "2.7.0"
  resolved "https://registry.yarnpkg.com/node-fetch/-/node-fetch-2.7.0.tgz#d0f0fa6e3e2dc1d27efcd8ad99d550bda94d187d"
  integrity sha512-c4FRfUm/dbcWZ7U+1Wq0AwCyFL+3nt2bEw05wfxSz+DWpWsitgmSgYmy2dQdWyKC1694ELPqMs/YzUSNozLt8A==
  dependencies:
    whatwg-url "^5.0.0"

node-fetch@~2.6.1:
  version "2.6.13"
  resolved "https://registry.yarnpkg.com/node-fetch/-/node-fetch-2.6.13.tgz#a20acbbec73c2e09f9007de5cda17104122e0010"
  integrity sha512-StxNAxh15zr77QvvkmveSQ8uCQ4+v5FkvNTj0OESmiHu+VRi/gXArXtkWMElOsOUNLtUEvI4yS+rdtOHZTwlQA==
  dependencies:
    whatwg-url "^5.0.0"

react-hook-form@^7.45.2:
  version "7.45.2"
  resolved "https://registry.yarnpkg.com/react-hook-form/-/react-hook-form-7.45.2.tgz#c757f3d5e633ccb186443d57c10fc511df35721a"
  integrity sha512-9s45OdTaKN+4NSTbXVqeDITd/nwIg++nxJGL8+OD5uf1DxvhsXQ641kaYHk5K28cpIOTYm71O/fYk7rFaygb3A==

tr46@~0.0.3:
  version "0.0.3"
  resolved "https://registry.yarnpkg.com/tr46/-/tr46-0.0.3.tgz#8184fd347dac9cdc185992f3a6622e14b9d9ab6a"
  integrity sha512-N3WMsuqV66lT30CrXNbEjx4GEwlow3v6rr4mCcv6prnfwhS01rkgyFdjPNBYd9br7LpXV1+Emh01fHnq2Gdgrw==

unfetch@^4.2.0:
  version "4.2.0"
  resolved "https://registry.yarnpkg.com/unfetch/-/unfetch-4.2.0.tgz#7e21b0ef7d363d8d9af0fb929a5555f6ef97a3be"
  integrity sha512-F9p7yYCn6cIW9El1zi0HI6vqpeIvBsr3dSuRO6Xuppb1u5rXpCPmMvLSyECLhybr9isec8Ohl0hPekMVrEinDA==

use-isomorphic-layout-effect@^1.1.2:
  version "1.1.2"
  resolved "https://registry.yarnpkg.com/use-isomorphic-layout-effect/-/use-isomorphic-layout-effect-1.1.2.tgz#497cefb13d863d687b08477d9e5a164ad8c1a6fb"
  integrity sha512-49L8yCO3iGT/ZF9QttjwLF/ZD9Iwto5LnH5LmEdk/6cFmXddqi2ulF0edxTwjj+7mqvpVVGQWvbXZdn32wRSHA==

use-sync-external-store@^1.0.0:
  version "1.2.0"
  resolved "https://registry.yarnpkg.com/use-sync-external-store/-/use-sync-external-store-1.2.0.tgz#7dbefd6ef3fe4e767a0cf5d7287aacfb5846928a"
  integrity sha512-eEgnFxGQ1Ife9bzYs6VLi8/4X6CObHMw9Qr9tPY43iKwsPw8xE8+EFsf/2cFZ5S3esXgpWgtSCtLNS41F+sKPA==

webidl-conversions@^3.0.0:
  version "3.0.1"
  resolved "https://registry.yarnpkg.com/webidl-conversions/-/webidl-conversions-3.0.1.tgz#24534275e2a7bc6be7bc86611cc16ae0a5654871"
  integrity sha512-2JAn3z8AR6rjK8Sm8orRC0h/bcl/DqL7tRPdGZ4I1CjdF+EaMLmYxBHyXuKL849eucPFhvBoxMsflfOb8kxaeQ==

whatwg-url@^5.0.0:
  version "5.0.0"
  resolved "https://registry.yarnpkg.com/whatwg-url/-/whatwg-url-5.0.0.tgz#966454e8765462e37644d3626f6742ce8b70965d"
  integrity sha512-saE57nupxk6v3HY35+jzBwYa0rKSy0XR8JSxZPwgLr7ys0IBzhGviA1/TUGJLmSVqs8pb9AnvICXEuOHLprYTw==
  dependencies:
    tr46 "~0.0.3"
    webidl-conversions "^3.0.0"

xstate@^4.33.5:
  version "4.38.2"
  resolved "https://registry.yarnpkg.com/xstate/-/xstate-4.38.2.tgz#1b74544fc9c8c6c713ba77f81c6017e65aa89804"
  integrity sha512-Fba/DwEPDLneHT3tbJ9F3zafbQXszOlyCJyQqqdzmtlY/cwE2th462KK48yaANf98jHlP6lJvxfNtN0LFKXPQg==
