# THIS IS AN AUTOGENERATED FILE. DO NOT EDIT THIS FILE DIRECTLY.
# yarn lockfile v1


"@hookform/resolvers@^3.1.1":
  version "3.1.1"
  resolved "https://registry.yarnpkg.com/@hookform/resolvers/-/resolvers-3.1.1.tgz#b374d33e356428fff9c6ef3c933441fe15e40784"
  integrity sha512-tS16bAUkqjITNSvbJuO1x7MXbn7Oe8ZziDTJdA9mMvsoYthnOOiznOTGBYwbdlYBgU+tgpI/BtTU3paRbCuSlg==

react-hook-form@^7.45.2:
  version "7.45.2"
  resolved "https://registry.yarnpkg.com/react-hook-form/-/react-hook-form-7.45.2.tgz#c757f3d5e633ccb186443d57c10fc511df35721a"
  integrity sha512-9s45OdTaKN+4NSTbXVqeDITd/nwIg++nxJGL8+OD5uf1DxvhsXQ641kaYHk5K28cpIOTYm71O/fYk7rFaygb3A==
